
Microsoft Visual Studio Solution File, Format Version 12.00
# Visual Studio 15
VisualStudioVersion = 15.0.28307.757
MinimumVisualStudioVersion = 10.0.40219.1
Project("{FAE04EC0-301F-11D3-BF4B-00C04F79EFBC}") = "CardsShuffl", "Assignment4_CardsShuffl\CardsShuffl.csproj", "{53A3D729-4430-483B-B919-70C0C01EC5D9}"
EndProject
Global
	GlobalSection(SolutionConfigurationPlatforms) = preSolution
		Debug|Any CPU = Debug|Any CPU
		Release|Any CPU = Release|Any CPU
	EndGlobalSection
	GlobalSection(ProjectConfigurationPlatforms) = postSolution
		{53A3D729-4430-483B-B919-70C0C01EC5D9}.Debug|Any CPU.ActiveCfg = Debug|Any CPU
		{53A3D729-4430-483B-B919-70C0C01EC5D9}.Debug|Any CPU.Build.0 = Debug|Any CPU
		{53A3D729-4430-483B-B919-70C0C01EC5D9}.Release|Any CPU.ActiveCfg = Release|Any CPU
		{53A3D729-4430-483B-B919-70C0C01EC5D9}.Release|Any CPU.Build.0 = Release|Any CPU
	EndGlobalSection
	GlobalSection(SolutionProperties) = preSolution
		HideSolutionNode = FALSE
	EndGlobalSection
	GlobalSection(ExtensibilityGlobals) = postSolution
		SolutionGuid = {D3A1AACA-DCEA-4100-8291-59194E9BBE60}
	EndGlobalSection
EndGlobal
